
Microsoft Visual Studio Solution File, Format Version 12.00
# Visual Studio Version 16
VisualStudioVersion = 16.0.30320.27
MinimumVisualStudioVersion = 10.0.40219.1
Project("{FAE04EC0-301F-11D3-BF4B-00C04F79EFBC}") = "apiGimnasio", "apiGimnasio\apiGimnasio.csproj", "{900C24A3-4A07-48AE-9345-3128C7B79E1C}"
EndProject
Global
	GlobalSection(SolutionConfigurationPlatforms) = preSolution
		Debug|Any CPU = Debug|Any CPU
		Release|Any CPU = Release|Any CPU
	EndGlobalSection
	GlobalSection(ProjectConfigurationPlatforms) = postSolution
		{900C24A3-4A07-48AE-9345-3128C7B79E1C}.Debug|Any CPU.ActiveCfg = Debug|Any CPU
		{900C24A3-4A07-48AE-9345-3128C7B79E1C}.Debug|Any CPU.Build.0 = Debug|Any CPU
		{900C24A3-4A07-48AE-9345-3128C7B79E1C}.Release|Any CPU.ActiveCfg = Release|Any CPU
		{900C24A3-4A07-48AE-9345-3128C7B79E1C}.Release|Any CPU.Build.0 = Release|Any CPU
	EndGlobalSection
	GlobalSection(SolutionProperties) = preSolution
		HideSolutionNode = FALSE
	EndGlobalSection
	GlobalSection(ExtensibilityGlobals) = postSolution
		SolutionGuid = {DDC9FC5E-6B17-4803-B2EC-F7B8C6814250}
	EndGlobalSection
EndGlobal
